// !$*UTF8*$!
{
	archiveVersion = 1;
	classes = {
	};
	objectVersion = 51;
	objects = {

/* Begin PBXBuildFile section */
		706CBD3E26F603AC002A746C /* PhotoCollectionViewCell.swift in Sources */ = {isa = PBXBuildFile; fileRef = 706CBD3C26F603AC002A746C /* PhotoCollectionViewCell.swift */; };
		706CBD3F26F603AC002A746C /* PhotoCollectionViewCell.xib in Resources */ = {isa = PBXBuildFile; fileRef = 706CBD3D26F603AC002A746C /* PhotoCollectionViewCell.xib */; };
		708F8A1026F53097004CE29E /* AppDelegate.swift in Sources */ = {isa = PBXBuildFile; fileRef = 708F8A0F26F53097004CE29E /* AppDelegate.swift */; };
		708F8A1226F53097004CE29E /* SceneDelegate.swift in Sources */ = {isa = PBXBuildFile; fileRef = 708F8A1126F53097004CE29E /* SceneDelegate.swift */; };
		708F8A1426F53097004CE29E /* ViewController.swift in Sources */ = {isa = PBXBuildFile; fileRef = 708F8A1326F53097004CE29E /* ViewController.swift */; };
		708F8A1726F53097004CE29E /* Main.storyboard in Resources */ = {isa = PBXBuildFile; fileRef = 708F8A1526F53097004CE29E /* Main.storyboard */; };
		708F8A1926F5309F004CE29E /* Assets.xcassets in Resources */ = {isa = PBXBuildFile; fileRef = 708F8A1826F5309F004CE29E /* Assets.xcassets */; };
		708F8A1C26F5309F004CE29E /* LaunchScreen.storyboard in Resources */ = {isa = PBXBuildFile; fileRef = 708F8A1A26F5309F004CE29E /* LaunchScreen.storyboard */; };
		708F8A2726F5309F004CE29E /* VISTemplateTests.swift in Sources */ = {isa = PBXBuildFile; fileRef = 708F8A2626F5309F004CE29E /* VISTemplateTests.swift */; };
		708F8A3226F530A0004CE29E /* VISTemplateUITests.swift in Sources */ = {isa = PBXBuildFile; fileRef = 708F8A3126F530A0004CE29E /* VISTemplateUITests.swift */; };
		708F8ABD26F54775004CE29E /* Photo.swift in Sources */ = {isa = PBXBuildFile; fileRef = 708F8ABC26F54775004CE29E /* Photo.swift */; };
		86FD8DF3FAAA372B13B38486 /* Pods_VISTemplate.framework in Frameworks */ = {isa = PBXBuildFile; fileRef = 5026BE09836BB10CFA484E70 /* Pods_VISTemplate.framework */; };
/* End PBXBuildFile section */

/* Begin PBXContainerItemProxy section */
		708F8A2326F5309F004CE29E /* PBXContainerItemProxy */ = {
			isa = PBXContainerItemProxy;
			containerPortal = 708F8A0426F53097004CE29E /* Project object */;
			proxyType = 1;
			remoteGlobalIDString = 708F8A0B26F53097004CE29E;
			remoteInfo = VISTemplate;
		};
		708F8A2E26F530A0004CE29E /* PBXContainerItemProxy */ = {
			isa = PBXContainerItemProxy;
			containerPortal = 708F8A0426F53097004CE29E /* Project object */;
			proxyType = 1;
			remoteGlobalIDString = 708F8A0B26F53097004CE29E;
			remoteInfo = VISTemplate;
		};
/* End PBXContainerItemProxy section */

/* Begin PBXFileReference section */
		5026BE09836BB10CFA484E70 /* Pods_VISTemplate.framework */ = {isa = PBXFileReference; explicitFileType = wrapper.framework; includeInIndex = 0; path = Pods_VISTemplate.framework; sourceTree = BUILT_PRODUCTS_DIR; };
		6697D2A5AE15F40A7BB6683E /* Pods-VISTemplate.release.xcconfig */ = {isa = PBXFileReference; includeInIndex = 1; lastKnownFileType = text.xcconfig; name = "Pods-VISTemplate.release.xcconfig"; path = "Target Support Files/Pods-VISTemplate/Pods-VISTemplate.release.xcconfig"; sourceTree = "<group>"; };
		706CBD3C26F603AC002A746C /* PhotoCollectionViewCell.swift */ = {isa = PBXFileReference; lastKnownFileType = sourcecode.swift; path = PhotoCollectionViewCell.swift; sourceTree = "<group>"; };
		706CBD3D26F603AC002A746C /* PhotoCollectionViewCell.xib */ = {isa = PBXFileReference; lastKnownFileType = file.xib; path = PhotoCollectionViewCell.xib; sourceTree = "<group>"; };
		708F8A0C26F53097004CE29E /* VISTemplate.app */ = {isa = PBXFileReference; explicitFileType = wrapper.application; includeInIndex = 0; path = VISTemplate.app; sourceTree = BUILT_PRODUCTS_DIR; };
		708F8A0F26F53097004CE29E /* AppDelegate.swift */ = {isa = PBXFileReference; lastKnownFileType = sourcecode.swift; path = AppDelegate.swift; sourceTree = "<group>"; };
		708F8A1126F53097004CE29E /* SceneDelegate.swift */ = {isa = PBXFileReference; lastKnownFileType = sourcecode.swift; path = SceneDelegate.swift; sourceTree = "<group>"; };
		708F8A1326F53097004CE29E /* ViewController.swift */ = {isa = PBXFileReference; lastKnownFileType = sourcecode.swift; path = ViewController.swift; sourceTree = "<group>"; };
		708F8A1626F53097004CE29E /* Base */ = {isa = PBXFileReference; lastKnownFileType = file.storyboard; name = Base; path = Base.lproj/Main.storyboard; sourceTree = "<group>"; };
		708F8A1826F5309F004CE29E /* Assets.xcassets */ = {isa = PBXFileReference; lastKnownFileType = folder.assetcatalog; path = Assets.xcassets; sourceTree = "<group>"; };
		708F8A1B26F5309F004CE29E /* Base */ = {isa = PBXFileReference; lastKnownFileType = file.storyboard; name = Base; path = Base.lproj/LaunchScreen.storyboard; sourceTree = "<group>"; };
		708F8A1D26F5309F004CE29E /* Info.plist */ = {isa = PBXFileReference; lastKnownFileType = text.plist.xml; path = Info.plist; sourceTree = "<group>"; };
		708F8A2226F5309F004CE29E /* VISTemplateTests.xctest */ = {isa = PBXFileReference; explicitFileType = wrapper.cfbundle; includeInIndex = 0; path = VISTemplateTests.xctest; sourceTree = BUILT_PRODUCTS_DIR; };
		708F8A2626F5309F004CE29E /* VISTemplateTests.swift */ = {isa = PBXFileReference; lastKnownFileType = sourcecode.swift; path = VISTemplateTests.swift; sourceTree = "<group>"; };
		708F8A2826F5309F004CE29E /* Info.plist */ = {isa = PBXFileReference; lastKnownFileType = text.plist.xml; path = Info.plist; sourceTree = "<group>"; };
		708F8A2D26F530A0004CE29E /* VISTemplateUITests.xctest */ = {isa = PBXFileReference; explicitFileType = wrapper.cfbundle; includeInIndex = 0; path = VISTemplateUITests.xctest; sourceTree = BUILT_PRODUCTS_DIR; };
		708F8A3126F530A0004CE29E /* VISTemplateUITests.swift */ = {isa = PBXFileReference; lastKnownFileType = sourcecode.swift; path = VISTemplateUITests.swift; sourceTree = "<group>"; };
		708F8A3326F530A0004CE29E /* Info.plist */ = {isa = PBXFileReference; lastKnownFileType = text.plist.xml; path = Info.plist; sourceTree = "<group>"; };
		708F8ABC26F54775004CE29E /* Photo.swift */ = {isa = PBXFileReference; lastKnownFileType = sourcecode.swift; path = Photo.swift; sourceTree = "<group>"; };
		A45C56626D3C99958477A585 /* Pods-VISTemplate.debug.xcconfig */ = {isa = PBXFileReference; includeInIndex = 1; lastKnownFileType = text.xcconfig; name = "Pods-VISTemplate.debug.xcconfig"; path = "Target Support Files/Pods-VISTemplate/Pods-VISTemplate.debug.xcconfig"; sourceTree = "<group>"; };
/* End PBXFileReference section */

/* Begin PBXFrameworksBuildPhase section */
		708F8A0926F53097004CE29E /* Frameworks */ = {
			isa = PBXFrameworksBuildPhase;
			buildActionMask = 2147483647;
			files = (
				86FD8DF3FAAA372B13B38486 /* Pods_VISTemplate.framework in Frameworks */,
			);
			runOnlyForDeploymentPostprocessing = 0;
		};
		708F8A1F26F5309F004CE29E /* Frameworks */ = {
			isa = PBXFrameworksBuildPhase;
			buildActionMask = 2147483647;
			files = (
			);
			runOnlyForDeploymentPostprocessing = 0;
		};
		708F8A2A26F530A0004CE29E /* Frameworks */ = {
			isa = PBXFrameworksBuildPhase;
			buildActionMask = 2147483647;
			files = (
			);
			runOnlyForDeploymentPostprocessing = 0;
		};
/* End PBXFrameworksBuildPhase section */

/* Begin PBXGroup section */
		608B0A37DEA5097B4E33B840 /* Frameworks */ = {
			isa = PBXGroup;
			children = (
				5026BE09836BB10CFA484E70 /* Pods_VISTemplate.framework */,
			);
			name = Frameworks;
			sourceTree = "<group>";
		};
		708F8A0326F53097004CE29E = {
			isa = PBXGroup;
			children = (
				708F8A0E26F53097004CE29E /* VISTemplate */,
				708F8A2526F5309F004CE29E /* VISTemplateTests */,
				708F8A3026F530A0004CE29E /* VISTemplateUITests */,
				708F8A0D26F53097004CE29E /* Products */,
				BD51E515EAE64FB2BCF55410 /* Pods */,
				608B0A37DEA5097B4E33B840 /* Frameworks */,
			);
			sourceTree = "<group>";
		};
		708F8A0D26F53097004CE29E /* Products */ = {
			isa = PBXGroup;
			children = (
				708F8A0C26F53097004CE29E /* VISTemplate.app */,
				708F8A2226F5309F004CE29E /* VISTemplateTests.xctest */,
				708F8A2D26F530A0004CE29E /* VISTemplateUITests.xctest */,
			);
			name = Products;
			sourceTree = "<group>";
		};
		708F8A0E26F53097004CE29E /* VISTemplate */ = {
			isa = PBXGroup;
			children = (
				708F8AED26F55736004CE29E /* cell */,
				708F8A0F26F53097004CE29E /* AppDelegate.swift */,
				708F8A1126F53097004CE29E /* SceneDelegate.swift */,
				708F8A1326F53097004CE29E /* ViewController.swift */,
				708F8A1526F53097004CE29E /* Main.storyboard */,
				708F8A1826F5309F004CE29E /* Assets.xcassets */,
				708F8A1A26F5309F004CE29E /* LaunchScreen.storyboard */,
				708F8A1D26F5309F004CE29E /* Info.plist */,
				708F8ABC26F54775004CE29E /* Photo.swift */,
			);
			path = VISTemplate;
			sourceTree = "<group>";
		};
		708F8A2526F5309F004CE29E /* VISTemplateTests */ = {
			isa = PBXGroup;
			children = (
				708F8A2626F5309F004CE29E /* VISTemplateTests.swift */,
				708F8A2826F5309F004CE29E /* Info.plist */,
			);
			path = VISTemplateTests;
			sourceTree = "<group>";
		};
		708F8A3026F530A0004CE29E /* VISTemplateUITests */ = {
			isa = PBXGroup;
			children = (
				708F8A3126F530A0004CE29E /* VISTemplateUITests.swift */,
				708F8A3326F530A0004CE29E /* Info.plist */,
			);
			path = VISTemplateUITests;
			sourceTree = "<group>";
		};
		708F8AED26F55736004CE29E /* cell */ = {
			isa = PBXGroup;
			children = (
				706CBD3C26F603AC002A746C /* PhotoCollectionViewCell.swift */,
				706CBD3D26F603AC002A746C /* PhotoCollectionViewCell.xib */,
			);
			path = cell;
			sourceTree = "<group>";
		};
		BD51E515EAE64FB2BCF55410 /* Pods */ = {
			isa = PBXGroup;
			children = (
				A45C56626D3C99958477A585 /* Pods-VISTemplate.debug.xcconfig */,
				6697D2A5AE15F40A7BB6683E /* Pods-VISTemplate.release.xcconfig */,
			);
			path = Pods;
			sourceTree = "<group>";
		};
/* End PBXGroup section */

/* Begin PBXNativeTarget section */
		708F8A0B26F53097004CE29E /* VISTemplate */ = {
			isa = PBXNativeTarget;
			buildConfigurationList = 708F8A3626F530A0004CE29E /* Build configuration list for PBXNativeTarget "VISTemplate" */;
			buildPhases = (
				2694BC67A85D06374F9A29BC /* [CP] Check Pods Manifest.lock */,
				708F8A0826F53097004CE29E /* Sources */,
				708F8A0926F53097004CE29E /* Frameworks */,
				708F8A0A26F53097004CE29E /* Resources */,
				C3E12196523BA29C7388E4AC /* [CP] Embed Pods Frameworks */,
			);
			buildRules = (
			);
			dependencies = (
			);
			name = VISTemplate;
			productName = VISTemplate;
			productReference = 708F8A0C26F53097004CE29E /* VISTemplate.app */;
			productType = "com.apple.product-type.application";
		};
		708F8A2126F5309F004CE29E /* VISTemplateTests */ = {
			isa = PBXNativeTarget;
			buildConfigurationList = 708F8A3926F530A0004CE29E /* Build configuration list for PBXNativeTarget "VISTemplateTests" */;
			buildPhases = (
				708F8A1E26F5309F004CE29E /* Sources */,
				708F8A1F26F5309F004CE29E /* Frameworks */,
				708F8A2026F5309F004CE29E /* Resources */,
			);
			buildRules = (
			);
			dependencies = (
				708F8A2426F5309F004CE29E /* PBXTargetDependency */,
			);
			name = VISTemplateTests;
			productName = VISTemplateTests;
			productReference = 708F8A2226F5309F004CE29E /* VISTemplateTests.xctest */;
			productType = "com.apple.product-type.bundle.unit-test";
		};
		708F8A2C26F530A0004CE29E /* VISTemplateUITests */ = {
			isa = PBXNativeTarget;
			buildConfigurationList = 708F8A3C26F530A0004CE29E /* Build configuration list for PBXNativeTarget "VISTemplateUITests" */;
			buildPhases = (
				708F8A2926F530A0004CE29E /* Sources */,
				708F8A2A26F530A0004CE29E /* Frameworks */,
				708F8A2B26F530A0004CE29E /* Resources */,
			);
			buildRules = (
			);
			dependencies = (
				708F8A2F26F530A0004CE29E /* PBXTargetDependency */,
			);
			name = VISTemplateUITests;
			productName = VISTemplateUITests;
			productReference = 708F8A2D26F530A0004CE29E /* VISTemplateUITests.xctest */;
			productType = "com.apple.product-type.bundle.ui-testing";
		};
/* End PBXNativeTarget section */

/* Begin PBXProject section */
		708F8A0426F53097004CE29E /* Project object */ = {
			isa = PBXProject;
			attributes = {
				LastSwiftUpdateCheck = 1240;
				LastUpgradeCheck = 1240;
				TargetAttributes = {
					708F8A0B26F53097004CE29E = {
						CreatedOnToolsVersion = 12.4;
					};
					708F8A2126F5309F004CE29E = {
						CreatedOnToolsVersion = 12.4;
						TestTargetID = 708F8A0B26F53097004CE29E;
					};
					708F8A2C26F530A0004CE29E = {
						CreatedOnToolsVersion = 12.4;
						TestTargetID = 708F8A0B26F53097004CE29E;
					};
				};
			};
			buildConfigurationList = 708F8A0726F53097004CE29E /* Build configuration list for PBXProject "VISTemplate" */;
			compatibilityVersion = "Xcode 9.3";
			developmentRegion = en;
			hasScannedForEncodings = 0;
			knownRegions = (
				en,
				Base,
			);
			mainGroup = 708F8A0326F53097004CE29E;
			productRefGroup = 708F8A0D26F53097004CE29E /* Products */;
			projectDirPath = "";
			projectRoot = "";
			targets = (
				708F8A0B26F53097004CE29E /* VISTemplate */,
				708F8A2126F5309F004CE29E /* VISTemplateTests */,
				708F8A2C26F530A0004CE29E /* VISTemplateUITests */,
			);
		};
/* End PBXProject section */

/* Begin PBXResourcesBuildPhase section */
		708F8A0A26F53097004CE29E /* Resources */ = {
			isa = PBXResourcesBuildPhase;
			buildActionMask = 2147483647;
			files = (
				708F8A1C26F5309F004CE29E /* LaunchScreen.storyboard in Resources */,
				706CBD3F26F603AC002A746C /* PhotoCollectionViewCell.xib in Resources */,
				708F8A1926F5309F004CE29E /* Assets.xcassets in Resources */,
				708F8A1726F53097004CE29E /* Main.storyboard in Resources */,
			);
			runOnlyForDeploymentPostprocessing = 0;
		};
		708F8A2026F5309F004CE29E /* Resources */ = {
			isa = PBXResourcesBuildPhase;
			buildActionMask = 2147483647;
			files = (
			);
			runOnlyForDeploymentPostprocessing = 0;
		};
		708F8A2B26F530A0004CE29E /* Resources */ = {
			isa = PBXResourcesBuildPhase;
			buildActionMask = 2147483647;
			files = (
			);
			runOnlyForDeploymentPostprocessing = 0;
		};
/* End PBXResourcesBuildPhase section */

/* Begin PBXShellScriptBuildPhase section */
		2694BC67A85D06374F9A29BC /* [CP] Check Pods Manifest.lock */ = {
			isa = PBXShellScriptBuildPhase;
			buildActionMask = 2147483647;
			files = (
			);
			inputFileListPaths = (
			);
			inputPaths = (
				"${PODS_PODFILE_DIR_PATH}/Podfile.lock",
				"${PODS_ROOT}/Manifest.lock",
			);
			name = "[CP] Check Pods Manifest.lock";
			outputFileListPaths = (
			);
			outputPaths = (
				"$(DERIVED_FILE_DIR)/Pods-VISTemplate-checkManifestLockResult.txt",
			);
			runOnlyForDeploymentPostprocessing = 0;
			shellPath = /bin/sh;
			shellScript = "diff \"${PODS_PODFILE_DIR_PATH}/Podfile.lock\" \"${PODS_ROOT}/Manifest.lock\" > /dev/null\nif [ $? != 0 ] ; then\n    # print error to STDERR\n    echo \"error: The sandbox is not in sync with the Podfile.lock. Run 'pod install' or update your CocoaPods installation.\" >&2\n    exit 1\nfi\n# This output is used by Xcode 'outputs' to avoid re-running this script phase.\necho \"SUCCESS\" > \"${SCRIPT_OUTPUT_FILE_0}\"\n";
			showEnvVarsInLog = 0;
		};
		C3E12196523BA29C7388E4AC /* [CP] Embed Pods Frameworks */ = {
			isa = PBXShellScriptBuildPhase;
			buildActionMask = 2147483647;
			files = (
			);
			inputFileListPaths = (
				"${PODS_ROOT}/Target Support Files/Pods-VISTemplate/Pods-VISTemplate-frameworks-${CONFIGURATION}-input-files.xcfilelist",
			);
			name = "[CP] Embed Pods Frameworks";
			outputFileListPaths = (
				"${PODS_ROOT}/Target Support Files/Pods-VISTemplate/Pods-VISTemplate-frameworks-${CONFIGURATION}-output-files.xcfilelist",
			);
			runOnlyForDeploymentPostprocessing = 0;
			shellPath = /bin/sh;
			shellScript = "\"${PODS_ROOT}/Target Support Files/Pods-VISTemplate/Pods-VISTemplate-frameworks.sh\"\n";
			showEnvVarsInLog = 0;
		};
/* End PBXShellScriptBuildPhase section */

/* Begin PBXSourcesBuildPhase section */
		708F8A0826F53097004CE29E /* Sources */ = {
			isa = PBXSourcesBuildPhase;
			buildActionMask = 2147483647;
			files = (
				708F8ABD26F54775004CE29E /* Photo.swift in Sources */,
				708F8A1426F53097004CE29E /* ViewController.swift in Sources */,
				708F8A1026F53097004CE29E /* AppDelegate.swift in Sources */,
				706CBD3E26F603AC002A746C /* PhotoCollectionViewCell.swift in Sources */,
				708F8A1226F53097004CE29E /* SceneDelegate.swift in Sources */,
			);
			runOnlyForDeploymentPostprocessing = 0;
		};
		708F8A1E26F5309F004CE29E /* Sources */ = {
			isa = PBXSourcesBuildPhase;
			buildActionMask = 2147483647;
			files = (
				708F8A2726F5309F004CE29E /* VISTemplateTests.swift in Sources */,
			);
			runOnlyForDeploymentPostprocessing = 0;
		};
		708F8A2926F530A0004CE29E /* Sources */ = {
			isa = PBXSourcesBuildPhase;
			buildActionMask = 2147483647;
			files = (
				708F8A3226F530A0004CE29E /* VISTemplateUITests.swift in Sources */,
			);
			runOnlyForDeploymentPostprocessing = 0;
		};
/* End PBXSourcesBuildPhase section */

/* Begin PBXTargetDependency section */
		708F8A2426F5309F004CE29E /* PBXTargetDependency */ = {
			isa = PBXTargetDependency;
			target = 708F8A0B26F53097004CE29E /* VISTemplate */;
			targetProxy = 708F8A2326F5309F004CE29E /* PBXContainerItemProxy */;
		};
		708F8A2F26F530A0004CE29E /* PBXTargetDependency */ = {
			isa = PBXTargetDependency;
			target = 708F8A0B26F53097004CE29E /* VISTemplate */;
			targetProxy = 708F8A2E26F530A0004CE29E /* PBXContainerItemProxy */;
		};
/* End PBXTargetDependency section */

/* Begin PBXVariantGroup section */
		708F8A1526F53097004CE29E /* Main.storyboard */ = {
			isa = PBXVariantGroup;
			children = (
				708F8A1626F53097004CE29E /* Base */,
			);
			name = Main.storyboard;
			sourceTree = "<group>";
		};
		708F8A1A26F5309F004CE29E /* LaunchScreen.storyboard */ = {
			isa = PBXVariantGroup;
			children = (
				708F8A1B26F5309F004CE29E /* Base */,
			);
			name = LaunchScreen.storyboard;
			sourceTree = "<group>";
		};
/* End PBXVariantGroup section */

/* Begin XCBuildConfiguration section */
		708F8A3426F530A0004CE29E /* Debug */ = {
			isa = XCBuildConfiguration;
			buildSettings = {
				ALWAYS_SEARCH_USER_PATHS = NO;
				CLANG_ANALYZER_NONNULL = YES;
				CLANG_ANALYZER_NUMBER_OBJECT_CONVERSION = YES_AGGRESSIVE;
				CLANG_CXX_LANGUAGE_STANDARD = "gnu++14";
				CLANG_CXX_LIBRARY = "libc++";
				CLANG_ENABLE_MODULES = YES;
				CLANG_ENABLE_OBJC_ARC = YES;
				CLANG_ENABLE_OBJC_WEAK = YES;
				CLANG_WARN_BLOCK_CAPTURE_AUTORELEASING = YES;
				CLANG_WARN_BOOL_CONVERSION = YES;
				CLANG_WARN_COMMA = YES;
				CLANG_WARN_CONSTANT_CONVERSION = YES;
				CLANG_WARN_DEPRECATED_OBJC_IMPLEMENTATIONS = YES;
				CLANG_WARN_DIRECT_OBJC_ISA_USAGE = YES_ERROR;
				CLANG_WARN_DOCUMENTATION_COMMENTS = YES;
				CLANG_WARN_EMPTY_BODY = YES;
				CLANG_WARN_ENUM_CONVERSION = YES;
				CLANG_WARN_INFINITE_RECURSION = YES;
				CLANG_WARN_INT_CONVERSION = YES;
				CLANG_WARN_NON_LITERAL_NULL_CONVERSION = YES;
				CLANG_WARN_OBJC_IMPLICIT_RETAIN_SELF = YES;
				CLANG_WARN_OBJC_LITERAL_CONVERSION = YES;
				CLANG_WARN_OBJC_ROOT_CLASS = YES_ERROR;
				CLANG_WARN_QUOTED_INCLUDE_IN_FRAMEWORK_HEADER = YES;
				CLANG_WARN_RANGE_LOOP_ANALYSIS = YES;
				CLANG_WARN_STRICT_PROTOTYPES = YES;
				CLANG_WARN_SUSPICIOUS_MOVE = YES;
				CLANG_WARN_UNGUARDED_AVAILABILITY = YES_AGGRESSIVE;
				CLANG_WARN_UNREACHABLE_CODE = YES;
				CLANG_WARN__DUPLICATE_METHOD_MATCH = YES;
				COPY_PHASE_STRIP = NO;
				DEBUG_INFORMATION_FORMAT = dwarf;
				ENABLE_STRICT_OBJC_MSGSEND = YES;
				ENABLE_TESTABILITY = YES;
				GCC_C_LANGUAGE_STANDARD = gnu11;
				GCC_DYNAMIC_NO_PIC = NO;
				GCC_NO_COMMON_BLOCKS = YES;
				GCC_OPTIMIZATION_LEVEL = 0;
				GCC_PREPROCESSOR_DEFINITIONS = (
					"DEBUG=1",
					"$(inherited)",
				);
				GCC_WARN_64_TO_32_BIT_CONVERSION = YES;
				GCC_WARN_ABOUT_RETURN_TYPE = YES_ERROR;
				GCC_WARN_UNDECLARED_SELECTOR = YES;
				GCC_WARN_UNINITIALIZED_AUTOS = YES_AGGRESSIVE;
				GCC_WARN_UNUSED_FUNCTION = YES;
				GCC_WARN_UNUSED_VARIABLE = YES;
				IPHONEOS_DEPLOYMENT_TARGET = 14.4;
				MTL_ENABLE_DEBUG_INFO = INCLUDE_SOURCE;
				MTL_FAST_MATH = YES;
				ONLY_ACTIVE_ARCH = YES;
				SDKROOT = iphoneos;
				SWIFT_ACTIVE_COMPILATION_CONDITIONS = DEBUG;
				SWIFT_OPTIMIZATION_LEVEL = "-Onone";
			};
			name = Debug;
		};
		708F8A3526F530A0004CE29E /* Release */ = {
			isa = XCBuildConfiguration;
			buildSettings = {
				ALWAYS_SEARCH_USER_PATHS = NO;
				CLANG_ANALYZER_NONNULL = YES;
				CLANG_ANALYZER_NUMBER_OBJECT_CONVERSION = YES_AGGRESSIVE;
				CLANG_CXX_LANGUAGE_STANDARD = "gnu++14";
				CLANG_CXX_LIBRARY = "libc++";
				CLANG_ENABLE_MODULES = YES;
				CLANG_ENABLE_OBJC_ARC = YES;
				CLANG_ENABLE_OBJC_WEAK = YES;
				CLANG_WARN_BLOCK_CAPTURE_AUTORELEASING = YES;
				CLANG_WARN_BOOL_CONVERSION = YES;
				CLANG_WARN_COMMA = YES;
				CLANG_WARN_CONSTANT_CONVERSION = YES;
				CLANG_WARN_DEPRECATED_OBJC_IMPLEMENTATIONS = YES;
				CLANG_WARN_DIRECT_OBJC_ISA_USAGE = YES_ERROR;
				CLANG_WARN_DOCUMENTATION_COMMENTS = YES;
				CLANG_WARN_EMPTY_BODY = YES;
				CLANG_WARN_ENUM_CONVERSION = YES;
				CLANG_WARN_INFINITE_RECURSION = YES;
				CLANG_WARN_INT_CONVERSION = YES;
				CLANG_WARN_NON_LITERAL_NULL_CONVERSION = YES;
				CLANG_WARN_OBJC_IMPLICIT_RETAIN_SELF = YES;
				CLANG_WARN_OBJC_LITERAL_CONVERSION = YES;
				CLANG_WARN_OBJC_ROOT_CLASS = YES_ERROR;
				CLANG_WARN_QUOTED_INCLUDE_IN_FRAMEWORK_HEADER = YES;
				CLANG_WARN_RANGE_LOOP_ANALYSIS = YES;
				CLANG_WARN_STRICT_PROTOTYPES = YES;
				CLANG_WARN_SUSPICIOUS_MOVE = YES;
				CLANG_WARN_UNGUARDED_AVAILABILITY = YES_AGGRESSIVE;
				CLANG_WARN_UNREACHABLE_CODE = YES;
				CLANG_WARN__DUPLICATE_METHOD_MATCH = YES;
				COPY_PHASE_STRIP = NO;
				DEBUG_INFORMATION_FORMAT = "dwarf-with-dsym";
				ENABLE_NS_ASSERTIONS = NO;
				ENABLE_STRICT_OBJC_MSGSEND = YES;
				GCC_C_LANGUAGE_STANDARD = gnu11;
				GCC_NO_COMMON_BLOCKS = YES;
				GCC_WARN_64_TO_32_BIT_CONVERSION = YES;
				GCC_WARN_ABOUT_RETURN_TYPE = YES_ERROR;
				GCC_WARN_UNDECLARED_SELECTOR = YES;
				GCC_WARN_UNINITIALIZED_AUTOS = YES_AGGRESSIVE;
				GCC_WARN_UNUSED_FUNCTION = YES;
				GCC_WARN_UNUSED_VARIABLE = YES;
				IPHONEOS_DEPLOYMENT_TARGET = 14.4;
				MTL_ENABLE_DEBUG_INFO = NO;
				MTL_FAST_MATH = YES;
				SDKROOT = iphoneos;
				SWIFT_COMPILATION_MODE = wholemodule;
				SWIFT_OPTIMIZATION_LEVEL = "-O";
				VALIDATE_PRODUCT = YES;
			};
			name = Release;
		};
		708F8A3726F530A0004CE29E /* Debug */ = {
			isa = XCBuildConfiguration;
			baseConfigurationReference = A45C56626D3C99958477A585 /* Pods-VISTemplate.debug.xcconfig */;
			buildSettings = {
				ASSETCATALOG_COMPILER_APPICON_NAME = AppIcon;
				ASSETCATALOG_COMPILER_GLOBAL_ACCENT_COLOR_NAME = AccentColor;
				CODE_SIGN_STYLE = Automatic;
				INFOPLIST_FILE = VISTemplate/Info.plist;
				LD_RUNPATH_SEARCH_PATHS = (
					"$(inherited)",
					"@executable_path/Frameworks",
				);
				PRODUCT_BUNDLE_IDENTIFIER = com.alaa.PhotoGallery.VISTemplate;
				PRODUCT_NAME = "$(TARGET_NAME)";
				SWIFT_VERSION = 5.0;
				TARGETED_DEVICE_FAMILY = "1,2";
			};
			name = Debug;
		};
		708F8A3826F530A0004CE29E /* Release */ = {
			isa = XCBuildConfiguration;
			baseConfigurationReference = 6697D2A5AE15F40A7BB6683E /* Pods-VISTemplate.release.xcconfig */;
			buildSettings = {
				ASSETCATALOG_COMPILER_APPICON_NAME = AppIcon;
				ASSETCATALOG_COMPILER_GLOBAL_ACCENT_COLOR_NAME = AccentColor;
				CODE_SIGN_STYLE = Automatic;
				INFOPLIST_FILE = VISTemplate/Info.plist;
				LD_RUNPATH_SEARCH_PATHS = (
					"$(inherited)",
					"@executable_path/Frameworks",
				);
				PRODUCT_BUNDLE_IDENTIFIER = com.alaa.PhotoGallery.VISTemplate;
				PRODUCT_NAME = "$(TARGET_NAME)";
				SWIFT_VERSION = 5.0;
				TARGETED_DEVICE_FAMILY = "1,2";
			};
			name = Release;
		};
		708F8A3A26F530A0004CE29E /* Debug */ = {
			isa = XCBuildConfiguration;
			buildSettings = {
				ALWAYS_EMBED_SWIFT_STANDARD_LIBRARIES = YES;
				BUNDLE_LOADER = "$(TEST_HOST)";
				CODE_SIGN_STYLE = Automatic;
				INFOPLIST_FILE = VISTemplateTests/Info.plist;
				IPHONEOS_DEPLOYMENT_TARGET = 14.4;
				LD_RUNPATH_SEARCH_PATHS = (
					"$(inherited)",
					"@executable_path/Frameworks",
					"@loader_path/Frameworks",
				);
				PRODUCT_BUNDLE_IDENTIFIER = com.alaa.PhotoGallery.VISTemplateTests;
				PRODUCT_NAME = "$(TARGET_NAME)";
				SWIFT_VERSION = 5.0;
				TARGETED_DEVICE_FAMILY = "1,2";
				TEST_HOST = "$(BUILT_PRODUCTS_DIR)/VISTemplate.app/VISTemplate";
			};
			name = Debug;
		};
		708F8A3B26F530A0004CE29E /* Release */ = {
			isa = XCBuildConfiguration;
			buildSettings = {
				ALWAYS_EMBED_SWIFT_STANDARD_LIBRARIES = YES;
				BUNDLE_LOADER = "$(TEST_HOST)";
				CODE_SIGN_STYLE = Automatic;
				INFOPLIST_FILE = VISTemplateTests/Info.plist;
				IPHONEOS_DEPLOYMENT_TARGET = 14.4;
				LD_RUNPATH_SEARCH_PATHS = (
					"$(inherited)",
					"@executable_path/Frameworks",
					"@loader_path/Frameworks",
				);
				PRODUCT_BUNDLE_IDENTIFIER = com.alaa.PhotoGallery.VISTemplateTests;
				PRODUCT_NAME = "$(TARGET_NAME)";
				SWIFT_VERSION = 5.0;
				TARGETED_DEVICE_FAMILY = "1,2";
				TEST_HOST = "$(BUILT_PRODUCTS_DIR)/VISTemplate.app/VISTemplate";
			};
			name = Release;
		};
		708F8A3D26F530A0004CE29E /* Debug */ = {
			isa = XCBuildConfiguration;
			buildSettings = {
				ALWAYS_EMBED_SWIFT_STANDARD_LIBRARIES = YES;
				CODE_SIGN_STYLE = Automatic;
				INFOPLIST_FILE = VISTemplateUITests/Info.plist;
				LD_RUNPATH_SEARCH_PATHS = (
					"$(inherited)",
					"@executable_path/Frameworks",
					"@loader_path/Frameworks",
				);
				PRODUCT_BUNDLE_IDENTIFIER = com.alaa.PhotoGallery.VISTemplateUITests;
				PRODUCT_NAME = "$(TARGET_NAME)";
				SWIFT_VERSION = 5.0;
				TARGETED_DEVICE_FAMILY = "1,2";
				TEST_TARGET_NAME = VISTemplate;
			};
			name = Debug;
		};
		708F8A3E26F530A0004CE29E /* Release */ = {
			isa = XCBuildConfiguration;
			buildSettings = {
				ALWAYS_EMBED_SWIFT_STANDARD_LIBRARIES = YES;
				CODE_SIGN_STYLE = Automatic;
				INFOPLIST_FILE = VISTemplateUITests/Info.plist;
				LD_RUNPATH_SEARCH_PATHS = (
					"$(inherited)",
					"@executable_path/Frameworks",
					"@loader_path/Frameworks",
				);
				PRODUCT_BUNDLE_IDENTIFIER = com.alaa.PhotoGallery.VISTemplateUITests;
				PRODUCT_NAME = "$(TARGET_NAME)";
				SWIFT_VERSION = 5.0;
				TARGETED_DEVICE_FAMILY = "1,2";
				TEST_TARGET_NAME = VISTemplate;
			};
			name = Release;
		};
/* End XCBuildConfiguration section */

/* Begin XCConfigurationList section */
		708F8A0726F53097004CE29E /* Build configuration list for PBXProject "VISTemplate" */ = {
			isa = XCConfigurationList;
			buildConfigurations = (
				708F8A3426F530A0004CE29E /* Debug */,
				708F8A3526F530A0004CE29E /* Release */,
			);
			defaultConfigurationIsVisible = 0;
			defaultConfigurationName = Release;
		};
		708F8A3626F530A0004CE29E /* Build configuration list for PBXNativeTarget "VISTemplate" */ = {
			isa = XCConfigurationList;
			buildConfigurations = (
				708F8A3726F530A0004CE29E /* Debug */,
				708F8A3826F530A0004CE29E /* Release */,
			);
			defaultConfigurationIsVisible = 0;
			defaultConfigurationName = Release;
		};
		708F8A3926F530A0004CE29E /* Build configuration list for PBXNativeTarget "VISTemplateTests" */ = {
			isa = XCConfigurationList;
			buildConfigurations = (
				708F8A3A26F530A0004CE29E /* Debug */,
				708F8A3B26F530A0004CE29E /* Release */,
			);
			defaultConfigurationIsVisible = 0;
			defaultConfigurationName = Release;
		};
		708F8A3C26F530A0004CE29E /* Build configuration list for PBXNativeTarget "VISTemplateUITests" */ = {
			isa = XCConfigurationList;
			buildConfigurations = (
				708F8A3D26F530A0004CE29E /* Debug */,
				708F8A3E26F530A0004CE29E /* Release */,
			);
			defaultConfigurationIsVisible = 0;
			defaultConfigurationName = Release;
		};
/* End XCConfigurationList section */
	};
	rootObject = 708F8A0426F53097004CE29E /* Project object */;
}
